{
  "version": "3",
  "packages": {
    "specifiers": {
      "jsr:@core/unknownutil@^4.0.1": "jsr:@core/unknownutil@4.3.0",
      "jsr:@cross/runtime@^1.0.0": "jsr:@cross/runtime@1.0.0",
      "jsr:@cross/test@^0.0.9": "jsr:@cross/test@0.0.9",
      "jsr:@hono/hono@^4.4.6": "jsr:@hono/hono@4.6.11",
      "jsr:@std/assert@^1.0.0": "jsr:@std/assert@1.0.8",
      "jsr:@std/assert@^1.0.8": "jsr:@std/assert@1.0.8",
      "jsr:@std/async@^1.0.8": "jsr:@std/async@1.0.9",
      "jsr:@std/data-structures@^1.0.4": "jsr:@std/data-structures@1.0.4",
      "jsr:@std/fs@^1.0.5": "jsr:@std/fs@1.0.6",
      "jsr:@std/internal@^1.0.5": "jsr:@std/internal@1.0.5",
      "jsr:@std/path@^1.0.8": "jsr:@std/path@1.0.8",
      "jsr:@std/testing@1.0.5": "jsr:@std/testing@1.0.5",
      "npm:@types/node": "npm:@types/node@18.16.19"
    },
    "jsr": {
      "@core/unknownutil@4.3.0": {
        "integrity": "538a3687ffa81028e91d148818047df219663d0da671d906cecd165581ae55cc"
      },
      "@cross/runtime@1.0.0": {
        "integrity": "dddecdf99182df13d50279d1e473f715e83d41961c5c22edd7bb0c4c3cf8a76a"
      },
      "@cross/test@0.0.9": {
        "integrity": "2aa8237a96a2f8f51ccc8fec71135616d223bf4f38dd89ba4f863037c85ddc56",
        "dependencies": [
          "jsr:@cross/runtime@^1.0.0"
        ]
      },
      "@hono/hono@4.6.11": {
        "integrity": "07399d911f09e94b7dc1e0e0a0577d35fe66578af20163d513958364c4e9e702"
      },
      "@std/assert@1.0.8": {
        "integrity": "ebe0bd7eb488ee39686f77003992f389a06c3da1bbd8022184804852b2fa641b",
        "dependencies": [
          "jsr:@std/internal@^1.0.5"
        ]
      },
      "@std/async@1.0.9": {
        "integrity": "c6472fd0623b3f3daae023cdf7ca5535e1b721dfbf376562c0c12b3fb4867f91"
      },
      "@std/data-structures@1.0.4": {
        "integrity": "fa0e20c11eb9ba673417450915c750a0001405a784e2a4e0c3725031681684a0"
      },
      "@std/fs@1.0.6": {
        "integrity": "42b56e1e41b75583a21d5a37f6a6a27de9f510bcd36c0c85791d685ca0b85fa2",
        "dependencies": [
          "jsr:@std/path@^1.0.8"
        ]
      },
      "@std/internal@1.0.5": {
        "integrity": "54a546004f769c1ac9e025abd15a76b6671ddc9687e2313b67376125650dc7ba"
      },
      "@std/path@1.0.8": {
        "integrity": "548fa456bb6a04d3c1a1e7477986b6cffbce95102d0bb447c67c4ee70e0364be"
      },
      "@std/testing@1.0.5": {
        "integrity": "6e693cbec94c81a1ad3df668685c7ba8e20742bb10305bc7137faa5cf16d2ec4",
        "dependencies": [
          "jsr:@std/assert@^1.0.8",
          "jsr:@std/async@^1.0.8",
          "jsr:@std/data-structures@^1.0.4",
          "jsr:@std/fs@^1.0.5",
          "jsr:@std/internal@^1.0.5",
          "jsr:@std/path@^1.0.8"
        ]
      }
    },
    "npm": {
      "@types/node@18.16.19": {
        "integrity": "sha512-IXl7o+R9iti9eBW4Wg2hx1xQDig183jj7YLn8F7udNceyfkbn1ZxmzZXuak20gR40D7pIkIY1kYGx5VIGbaHKA==",
        "dependencies": {}
      }
    }
  },
  "remote": {},
  "workspace": {
    "dependencies": [
      "jsr:@core/unknownutil@^4.0.1",
      "jsr:@cross/test@^0.0.9",
      "jsr:@hono/hono@^4.4.6",
      "jsr:@std/assert@^1.0.0",
      "jsr:@std/testing@1.0.5"
    ]
  }
}
